
Microsoft Visual Studio Solution File, Format Version 12.00
# Visual Studio Version 17
VisualStudioVersion = 17.4.33205.214
MinimumVisualStudioVersion = 10.0.40219.1
Project("{FAE04EC0-301F-11D3-BF4B-00C04F79EFBC}") = "Homework-5", "Homework-5\Homework-5.csproj", "{CF4C6682-4DB2-4833-AB8E-FDE29827011E}"
EndProject
Global
	GlobalSection(SolutionConfigurationPlatforms) = preSolution
		Debug|Any CPU = Debug|Any CPU
		Release|Any CPU = Release|Any CPU
	EndGlobalSection
	GlobalSection(ProjectConfigurationPlatforms) = postSolution
		{CF4C6682-4DB2-4833-AB8E-FDE29827011E}.Debug|Any CPU.ActiveCfg = Debug|Any CPU
		{CF4C6682-4DB2-4833-AB8E-FDE29827011E}.Debug|Any CPU.Build.0 = Debug|Any CPU
		{CF4C6682-4DB2-4833-AB8E-FDE29827011E}.Release|Any CPU.ActiveCfg = Release|Any CPU
		{CF4C6682-4DB2-4833-AB8E-FDE29827011E}.Release|Any CPU.Build.0 = Release|Any CPU
	EndGlobalSection
	GlobalSection(SolutionProperties) = preSolution
		HideSolutionNode = FALSE
	EndGlobalSection
	GlobalSection(ExtensibilityGlobals) = postSolution
		SolutionGuid = {FEAD8AF3-3BC6-4906-9B05-74471A5BE80F}
	EndGlobalSection
EndGlobal
